
Microsoft Visual Studio Solution File, Format Version 12.00
# Visual Studio 14
VisualStudioVersion = 14.0.23107.0
MinimumVisualStudioVersion = 10.0.40219.1
Project("{E24C65DC-7377-472B-9ABA-BC803B73C61A}") = "ReportingSystem", ".", "{A7393B16-E45B-4F33-A14D-FEC11177B709}"
	ProjectSection(WebsiteProperties) = preProject
		TargetFrameworkMoniker = ".NETFramework,Version%3Dv4.5"
		Debug.AspNetCompiler.VirtualPath = "/localhost_53785"
		Debug.AspNetCompiler.PhysicalPath = "..\ReportingSystem\"
		Debug.AspNetCompiler.TargetPath = "PrecompiledWeb\localhost_53785\"
		Debug.AspNetCompiler.Updateable = "true"
		Debug.AspNetCompiler.ForceOverwrite = "true"
		Debug.AspNetCompiler.FixedNames = "false"
		Debug.AspNetCompiler.Debug = "True"
		Release.AspNetCompiler.VirtualPath = "/localhost_53785"
		Release.AspNetCompiler.PhysicalPath = "..\ReportingSystem\"
		Release.AspNetCompiler.TargetPath = "PrecompiledWeb\localhost_53785\"
		Release.AspNetCompiler.Updateable = "true"
		Release.AspNetCompiler.ForceOverwrite = "true"
		Release.AspNetCompiler.FixedNames = "false"
		Release.AspNetCompiler.Debug = "False"
		VWDPort = "53785"
		SlnRelativePath = "..\ReportingSystem\"
	EndProjectSection
EndProject
Global
	GlobalSection(SolutionConfigurationPlatforms) = preSolution
		Debug|Any CPU = Debug|Any CPU
	EndGlobalSection
	GlobalSection(ProjectConfigurationPlatforms) = postSolution
		{A7393B16-E45B-4F33-A14D-FEC11177B709}.Debug|Any CPU.ActiveCfg = Debug|Any CPU
		{A7393B16-E45B-4F33-A14D-FEC11177B709}.Debug|Any CPU.Build.0 = Debug|Any CPU
	EndGlobalSection
	GlobalSection(SolutionProperties) = preSolution
		HideSolutionNode = FALSE
	EndGlobalSection
EndGlobal
